{
  "name": "gypsum-store",
  "version": "0.0.6",
  "lockfileVersion": 1,
  "requires": true,
  "dependencies": {
    "@types/node": {
      "version": "10.12.30",
      "resolved": "https://registry.npmjs.org/@types/node/-/node-10.12.30.tgz",
      "integrity": "sha512-nsqTN6zUcm9xtdJiM9OvOJ5EF0kOI8f1Zuug27O/rgtxCRJHGqncSWfCMZUP852dCKPsDsYXGvBhxfRjDBkF5Q=="
    },
    "tools-box": {
      "version": "0.1.23",
      "resolved": "https://registry.npmjs.org/tools-box/-/tools-box-0.1.23.tgz",
      "integrity": "sha512-tUKvom8cvxy7ciKNdgEmJssHMXUCFc+ts/HEkxC/Ta674u5c8cO68HDcZAYKgEZD84Ii/5W0HWu/QVQJ5agLoQ==",
      "requires": {
        "@types/node": "^10.5.1"
      }
    },
    "validall": {
      "version": "3.0.12",
      "resolved": "https://registry.npmjs.org/validall/-/validall-3.0.12.tgz",
      "integrity": "sha512-GVk9jhl7llL+K/MYwuDb4bGvollqN7I+alC29uosSX+9hOE9XT3rROKnipTWDBioMIqEXLpPKeZ3SWIOHelzQw==",
      "requires": {
        "tools-box": "^0.1.23"
      }
    }
  }
}
