{
  "name": "gypsum-store",
  "version": "0.0.8",
  "lockfileVersion": 1,
  "requires": true,
  "dependencies": {
    "@types/node": {
      "version": "10.14.4",
      "resolved": "https://registry.npmjs.org/@types/node/-/node-10.14.4.tgz",
      "integrity": "sha512-DT25xX/YgyPKiHFOpNuANIQIVvYEwCWXgK2jYYwqgaMrYE6+tq+DtmMwlD3drl6DJbUwtlIDnn0d7tIn/EbXBg=="
    },
    "tools-box": {
      "version": "0.1.26",
      "resolved": "https://registry.npmjs.org/tools-box/-/tools-box-0.1.26.tgz",
      "integrity": "sha512-NWY4U0mUTvVWB89hWiZD0t4e6pKz0tDNhgr4nkORU989pDCg5RMByYRzxKzIUBIM/MkOhpDnI92tZYuh8AHwsg==",
      "requires": {
        "@types/node": "^10.5.1"
      }
    },
    "validall": {
      "version": "3.0.14",
      "resolved": "https://registry.npmjs.org/validall/-/validall-3.0.14.tgz",
      "integrity": "sha512-ZCPeCBO/QZwzZkdJcUcQpH1VNentGTLcfMGEQqHyGbR8Hscz17ueiQLJzURnmRFUn2/SuTEupLZn9EOR/na5wQ==",
      "requires": {
        "tools-box": "^0.1.26"
      }
    }
  }
}
