{
  "name": "gypsum-store",
  "version": "0.0.9",
  "lockfileVersion": 1,
  "requires": true,
  "dependencies": {
    "@types/node": {
      "version": "10.14.12",
      "resolved": "https://registry.npmjs.org/@types/node/-/node-10.14.12.tgz",
      "integrity": "sha512-QcAKpaO6nhHLlxWBvpc4WeLrTvPqlHOvaj0s5GriKkA1zq+bsFBPpfYCvQhLqLgYlIko8A9YrPdaMHCo5mBcpg=="
    },
    "tools-box": {
      "version": "0.1.29",
      "resolved": "https://registry.npmjs.org/tools-box/-/tools-box-0.1.29.tgz",
      "integrity": "sha512-gbtQNSnskBgvzZVq5CcDyKxgGSP3YC0LgplI+RsCU9BdtqP+28DZu8tMioLLzglf/+Ui9gZIgVtg+/Dd8TZf3Q==",
      "requires": {
        "@types/node": "^10.5.1"
      }
    },
    "validall": {
      "version": "3.0.16",
      "resolved": "https://registry.npmjs.org/validall/-/validall-3.0.16.tgz",
      "integrity": "sha512-fQXUCYuRDIumUxt6AhGJjmvSZeNPzW/TyQcZaStwis6EuDTAhsjrPOTaz/h9nD8s46DRbStP/2SQrDZZf5p7BA==",
      "requires": {
        "tools-box": "^0.1.29"
      }
    }
  }
}
